// !$*UTF8*$!
{
	archiveVersion = 1;
	classes = {
	};
	objectVersion = 50;
	objects = {

/* Begin PBXBuildFile section */
		66684C4B2407C8180026DBA5 /* AppDelegate.swift in Sources */ = {isa = PBXBuildFile; fileRef = 66684C4A2407C8180026DBA5 /* AppDelegate.swift */; };
		66684C4D2407C8180026DBA5 /* SceneDelegate.swift in Sources */ = {isa = PBXBuildFile; fileRef = 66684C4C2407C8180026DBA5 /* SceneDelegate.swift */; };
		66684C4F2407C8180026DBA5 /* ContentView.swift in Sources */ = {isa = PBXBuildFile; fileRef = 66684C4E2407C8180026DBA5 /* ContentView.swift */; };
		66684C512407C81A0026DBA5 /* Assets.xcassets in Resources */ = {isa = PBXBuildFile; fileRef = 66684C502407C81A0026DBA5 /* Assets.xcassets */; };
		66684C542407C81A0026DBA5 /* Preview Assets.xcassets in Resources */ = {isa = PBXBuildFile; fileRef = 66684C532407C81A0026DBA5 /* Preview Assets.xcassets */; };
		66684C572407C81A0026DBA5 /* LaunchScreen.storyboard in Resources */ = {isa = PBXBuildFile; fileRef = 66684C552407C81A0026DBA5 /* LaunchScreen.storyboard */; };
		66684C622407C81A0026DBA5 /* StorageExampleTests.swift in Sources */ = {isa = PBXBuildFile; fileRef = 66684C612407C81A0026DBA5 /* StorageExampleTests.swift */; };
		66684C6E2407C87B0026DBA5 /* Storage.framework in Frameworks */ = {isa = PBXBuildFile; fileRef = 66684C6D2407C87B0026DBA5 /* Storage.framework */; };
		66684C6F2407C87B0026DBA5 /* Storage.framework in Embed Frameworks */ = {isa = PBXBuildFile; fileRef = 66684C6D2407C87B0026DBA5 /* Storage.framework */; settings = {ATTRIBUTES = (CodeSignOnCopy, RemoveHeadersOnCopy, ); }; };
/* End PBXBuildFile section */

/* Begin PBXContainerItemProxy section */
		66684C5E2407C81A0026DBA5 /* PBXContainerItemProxy */ = {
			isa = PBXContainerItemProxy;
			containerPortal = 66684C3F2407C8180026DBA5 /* Project object */;
			proxyType = 1;
			remoteGlobalIDString = 66684C462407C8180026DBA5;
			remoteInfo = StorageExample;
		};
/* End PBXContainerItemProxy section */

/* Begin PBXCopyFilesBuildPhase section */
		66684C702407C87B0026DBA5 /* Embed Frameworks */ = {
			isa = PBXCopyFilesBuildPhase;
			buildActionMask = 2147483647;
			dstPath = "";
			dstSubfolderSpec = 10;
			files = (
				66684C6F2407C87B0026DBA5 /* Storage.framework in Embed Frameworks */,
			);
			name = "Embed Frameworks";
			runOnlyForDeploymentPostprocessing = 0;
		};
/* End PBXCopyFilesBuildPhase section */

/* Begin PBXFileReference section */
		66684C472407C8180026DBA5 /* StorageExample.app */ = {isa = PBXFileReference; explicitFileType = wrapper.application; includeInIndex = 0; path = StorageExample.app; sourceTree = BUILT_PRODUCTS_DIR; };
		66684C4A2407C8180026DBA5 /* AppDelegate.swift */ = {isa = PBXFileReference; lastKnownFileType = sourcecode.swift; path = AppDelegate.swift; sourceTree = "<group>"; };
		66684C4C2407C8180026DBA5 /* SceneDelegate.swift */ = {isa = PBXFileReference; lastKnownFileType = sourcecode.swift; path = SceneDelegate.swift; sourceTree = "<group>"; };
		66684C4E2407C8180026DBA5 /* ContentView.swift */ = {isa = PBXFileReference; lastKnownFileType = sourcecode.swift; path = ContentView.swift; sourceTree = "<group>"; };
		66684C502407C81A0026DBA5 /* Assets.xcassets */ = {isa = PBXFileReference; lastKnownFileType = folder.assetcatalog; path = Assets.xcassets; sourceTree = "<group>"; };
		66684C532407C81A0026DBA5 /* Preview Assets.xcassets */ = {isa = PBXFileReference; lastKnownFileType = folder.assetcatalog; path = "Preview Assets.xcassets"; sourceTree = "<group>"; };
		66684C562407C81A0026DBA5 /* Base */ = {isa = PBXFileReference; lastKnownFileType = file.storyboard; name = Base; path = Base.lproj/LaunchScreen.storyboard; sourceTree = "<group>"; };
		66684C582407C81A0026DBA5 /* Info.plist */ = {isa = PBXFileReference; lastKnownFileType = text.plist.xml; path = Info.plist; sourceTree = "<group>"; };
		66684C5D2407C81A0026DBA5 /* StorageExampleTests.xctest */ = {isa = PBXFileReference; explicitFileType = wrapper.cfbundle; includeInIndex = 0; path = StorageExampleTests.xctest; sourceTree = BUILT_PRODUCTS_DIR; };
		66684C612407C81A0026DBA5 /* StorageExampleTests.swift */ = {isa = PBXFileReference; lastKnownFileType = sourcecode.swift; path = StorageExampleTests.swift; sourceTree = "<group>"; };
		66684C632407C81A0026DBA5 /* Info.plist */ = {isa = PBXFileReference; lastKnownFileType = text.plist.xml; path = Info.plist; sourceTree = "<group>"; };
		66684C6D2407C87B0026DBA5 /* Storage.framework */ = {isa = PBXFileReference; explicitFileType = wrapper.framework; path = Storage.framework; sourceTree = BUILT_PRODUCTS_DIR; };
/* End PBXFileReference section */

/* Begin PBXFrameworksBuildPhase section */
		66684C442407C8180026DBA5 /* Frameworks */ = {
			isa = PBXFrameworksBuildPhase;
			buildActionMask = 2147483647;
			files = (
				66684C6E2407C87B0026DBA5 /* Storage.framework in Frameworks */,
			);
			runOnlyForDeploymentPostprocessing = 0;
		};
		66684C5A2407C81A0026DBA5 /* Frameworks */ = {
			isa = PBXFrameworksBuildPhase;
			buildActionMask = 2147483647;
			files = (
			);
			runOnlyForDeploymentPostprocessing = 0;
		};
/* End PBXFrameworksBuildPhase section */

/* Begin PBXGroup section */
		66684C3E2407C8180026DBA5 = {
			isa = PBXGroup;
			children = (
				66684C492407C8180026DBA5 /* StorageExample */,
				66684C602407C81A0026DBA5 /* StorageExampleTests */,
				66684C482407C8180026DBA5 /* Products */,
				66684C6C2407C87B0026DBA5 /* Frameworks */,
			);
			sourceTree = "<group>";
		};
		66684C482407C8180026DBA5 /* Products */ = {
			isa = PBXGroup;
			children = (
				66684C472407C8180026DBA5 /* StorageExample.app */,
				66684C5D2407C81A0026DBA5 /* StorageExampleTests.xctest */,
			);
			name = Products;
			sourceTree = "<group>";
		};
		66684C492407C8180026DBA5 /* StorageExample */ = {
			isa = PBXGroup;
			children = (
				66684C4A2407C8180026DBA5 /* AppDelegate.swift */,
				66684C4C2407C8180026DBA5 /* SceneDelegate.swift */,
				66684C4E2407C8180026DBA5 /* ContentView.swift */,
				66684C502407C81A0026DBA5 /* Assets.xcassets */,
				66684C552407C81A0026DBA5 /* LaunchScreen.storyboard */,
				66684C582407C81A0026DBA5 /* Info.plist */,
				66684C522407C81A0026DBA5 /* Preview Content */,
			);
			path = StorageExample;
			sourceTree = "<group>";
		};
		66684C522407C81A0026DBA5 /* Preview Content */ = {
			isa = PBXGroup;
			children = (
				66684C532407C81A0026DBA5 /* Preview Assets.xcassets */,
			);
			path = "Preview Content";
			sourceTree = "<group>";
		};
		66684C602407C81A0026DBA5 /* StorageExampleTests */ = {
			isa = PBXGroup;
			children = (
				66684C612407C81A0026DBA5 /* StorageExampleTests.swift */,
				66684C632407C81A0026DBA5 /* Info.plist */,
			);
			path = StorageExampleTests;
			sourceTree = "<group>";
		};
		66684C6C2407C87B0026DBA5 /* Frameworks */ = {
			isa = PBXGroup;
			children = (
				66684C6D2407C87B0026DBA5 /* Storage.framework */,
			);
			name = Frameworks;
			sourceTree = "<group>";
		};
/* End PBXGroup section */

/* Begin PBXNativeTarget section */
		66684C462407C8180026DBA5 /* StorageExample */ = {
			isa = PBXNativeTarget;
			buildConfigurationList = 66684C662407C81A0026DBA5 /* Build configuration list for PBXNativeTarget "StorageExample" */;
			buildPhases = (
				66684C432407C8180026DBA5 /* Sources */,
				66684C442407C8180026DBA5 /* Frameworks */,
				66684C452407C8180026DBA5 /* Resources */,
				66684C702407C87B0026DBA5 /* Embed Frameworks */,
			);
			buildRules = (
			);
			dependencies = (
			);
			name = StorageExample;
			productName = StorageExample;
			productReference = 66684C472407C8180026DBA5 /* StorageExample.app */;
			productType = "com.apple.product-type.application";
		};
		66684C5C2407C81A0026DBA5 /* StorageExampleTests */ = {
			isa = PBXNativeTarget;
			buildConfigurationList = 66684C692407C81A0026DBA5 /* Build configuration list for PBXNativeTarget "StorageExampleTests" */;
			buildPhases = (
				66684C592407C81A0026DBA5 /* Sources */,
				66684C5A2407C81A0026DBA5 /* Frameworks */,
				66684C5B2407C81A0026DBA5 /* Resources */,
			);
			buildRules = (
			);
			dependencies = (
				66684C5F2407C81A0026DBA5 /* PBXTargetDependency */,
			);
			name = StorageExampleTests;
			productName = StorageExampleTests;
			productReference = 66684C5D2407C81A0026DBA5 /* StorageExampleTests.xctest */;
			productType = "com.apple.product-type.bundle.unit-test";
		};
/* End PBXNativeTarget section */

/* Begin PBXProject section */
		66684C3F2407C8180026DBA5 /* Project object */ = {
			isa = PBXProject;
			attributes = {
				LastSwiftUpdateCheck = 1130;
				LastUpgradeCheck = 1130;
				ORGANIZATIONNAME = com.zalora.Storage;
				TargetAttributes = {
					66684C462407C8180026DBA5 = {
						CreatedOnToolsVersion = 11.3;
					};
					66684C5C2407C81A0026DBA5 = {
						CreatedOnToolsVersion = 11.3;
						TestTargetID = 66684C462407C8180026DBA5;
					};
				};
			};
			buildConfigurationList = 66684C422407C8180026DBA5 /* Build configuration list for PBXProject "StorageExample" */;
			compatibilityVersion = "Xcode 9.3";
			developmentRegion = en;
			hasScannedForEncodings = 0;
			knownRegions = (
				en,
				Base,
			);
			mainGroup = 66684C3E2407C8180026DBA5;
			productRefGroup = 66684C482407C8180026DBA5 /* Products */;
			projectDirPath = "";
			projectRoot = "";
			targets = (
				66684C462407C8180026DBA5 /* StorageExample */,
				66684C5C2407C81A0026DBA5 /* StorageExampleTests */,
			);
		};
/* End PBXProject section */

/* Begin PBXResourcesBuildPhase section */
		66684C452407C8180026DBA5 /* Resources */ = {
			isa = PBXResourcesBuildPhase;
			buildActionMask = 2147483647;
			files = (
				66684C572407C81A0026DBA5 /* LaunchScreen.storyboard in Resources */,
				66684C542407C81A0026DBA5 /* Preview Assets.xcassets in Resources */,
				66684C512407C81A0026DBA5 /* Assets.xcassets in Resources */,
			);
			runOnlyForDeploymentPostprocessing = 0;
		};
		66684C5B2407C81A0026DBA5 /* Resources */ = {
			isa = PBXResourcesBuildPhase;
			buildActionMask = 2147483647;
			files = (
			);
			runOnlyForDeploymentPostprocessing = 0;
		};
/* End PBXResourcesBuildPhase section */

/* Begin PBXSourcesBuildPhase section */
		66684C432407C8180026DBA5 /* Sources */ = {
			isa = PBXSourcesBuildPhase;
			buildActionMask = 2147483647;
			files = (
				66684C4B2407C8180026DBA5 /* AppDelegate.swift in Sources */,
				66684C4D2407C8180026DBA5 /* SceneDelegate.swift in Sources */,
				66684C4F2407C8180026DBA5 /* ContentView.swift in Sources */,
			);
			runOnlyForDeploymentPostprocessing = 0;
		};
		66684C592407C81A0026DBA5 /* Sources */ = {
			isa = PBXSourcesBuildPhase;
			buildActionMask = 2147483647;
			files = (
				66684C622407C81A0026DBA5 /* StorageExampleTests.swift in Sources */,
			);
			runOnlyForDeploymentPostprocessing = 0;
		};
/* End PBXSourcesBuildPhase section */

/* Begin PBXTargetDependency section */
		66684C5F2407C81A0026DBA5 /* PBXTargetDependency */ = {
			isa = PBXTargetDependency;
			target = 66684C462407C8180026DBA5 /* StorageExample */;
			targetProxy = 66684C5E2407C81A0026DBA5 /* PBXContainerItemProxy */;
		};
/* End PBXTargetDependency section */

/* Begin PBXVariantGroup section */
		66684C552407C81A0026DBA5 /* LaunchScreen.storyboard */ = {
			isa = PBXVariantGroup;
			children = (
				66684C562407C81A0026DBA5 /* Base */,
			);
			name = LaunchScreen.storyboard;
			sourceTree = "<group>";
		};
/* End PBXVariantGroup section */

/* Begin XCBuildConfiguration section */
		66684C642407C81A0026DBA5 /* Debug */ = {
			isa = XCBuildConfiguration;
			buildSettings = {
				ALWAYS_SEARCH_USER_PATHS = NO;
				CLANG_ANALYZER_NONNULL = YES;
				CLANG_ANALYZER_NUMBER_OBJECT_CONVERSION = YES_AGGRESSIVE;
				CLANG_CXX_LANGUAGE_STANDARD = "gnu++14";
				CLANG_CXX_LIBRARY = "libc++";
				CLANG_ENABLE_MODULES = YES;
				CLANG_ENABLE_OBJC_ARC = YES;
				CLANG_ENABLE_OBJC_WEAK = YES;
				CLANG_WARN_BLOCK_CAPTURE_AUTORELEASING = YES;
				CLANG_WARN_BOOL_CONVERSION = YES;
				CLANG_WARN_COMMA = YES;
				CLANG_WARN_CONSTANT_CONVERSION = YES;
				CLANG_WARN_DEPRECATED_OBJC_IMPLEMENTATIONS = YES;
				CLANG_WARN_DIRECT_OBJC_ISA_USAGE = YES_ERROR;
				CLANG_WARN_DOCUMENTATION_COMMENTS = YES;
				CLANG_WARN_EMPTY_BODY = YES;
				CLANG_WARN_ENUM_CONVERSION = YES;
				CLANG_WARN_INFINITE_RECURSION = YES;
				CLANG_WARN_INT_CONVERSION = YES;
				CLANG_WARN_NON_LITERAL_NULL_CONVERSION = YES;
				CLANG_WARN_OBJC_IMPLICIT_RETAIN_SELF = YES;
				CLANG_WARN_OBJC_LITERAL_CONVERSION = YES;
				CLANG_WARN_OBJC_ROOT_CLASS = YES_ERROR;
				CLANG_WARN_RANGE_LOOP_ANALYSIS = YES;
				CLANG_WARN_STRICT_PROTOTYPES = YES;
				CLANG_WARN_SUSPICIOUS_MOVE = YES;
				CLANG_WARN_UNGUARDED_AVAILABILITY = YES_AGGRESSIVE;
				CLANG_WARN_UNREACHABLE_CODE = YES;
				CLANG_WARN__DUPLICATE_METHOD_MATCH = YES;
				COPY_PHASE_STRIP = NO;
				DEBUG_INFORMATION_FORMAT = dwarf;
				ENABLE_STRICT_OBJC_MSGSEND = YES;
				ENABLE_TESTABILITY = YES;
				GCC_C_LANGUAGE_STANDARD = gnu11;
				GCC_DYNAMIC_NO_PIC = NO;
				GCC_NO_COMMON_BLOCKS = YES;
				GCC_OPTIMIZATION_LEVEL = 0;
				GCC_PREPROCESSOR_DEFINITIONS = (
					"DEBUG=1",
					"$(inherited)",
				);
				GCC_WARN_64_TO_32_BIT_CONVERSION = YES;
				GCC_WARN_ABOUT_RETURN_TYPE = YES_ERROR;
				GCC_WARN_UNDECLARED_SELECTOR = YES;
				GCC_WARN_UNINITIALIZED_AUTOS = YES_AGGRESSIVE;
				GCC_WARN_UNUSED_FUNCTION = YES;
				GCC_WARN_UNUSED_VARIABLE = YES;
				IPHONEOS_DEPLOYMENT_TARGET = 13.2;
				MTL_ENABLE_DEBUG_INFO = INCLUDE_SOURCE;
				MTL_FAST_MATH = YES;
				ONLY_ACTIVE_ARCH = YES;
				SDKROOT = iphoneos;
				SWIFT_ACTIVE_COMPILATION_CONDITIONS = DEBUG;
				SWIFT_OPTIMIZATION_LEVEL = "-Onone";
			};
			name = Debug;
		};
		66684C652407C81A0026DBA5 /* Release */ = {
			isa = XCBuildConfiguration;
			buildSettings = {
				ALWAYS_SEARCH_USER_PATHS = NO;
				CLANG_ANALYZER_NONNULL = YES;
				CLANG_ANALYZER_NUMBER_OBJECT_CONVERSION = YES_AGGRESSIVE;
				CLANG_CXX_LANGUAGE_STANDARD = "gnu++14";
				CLANG_CXX_LIBRARY = "libc++";
				CLANG_ENABLE_MODULES = YES;
				CLANG_ENABLE_OBJC_ARC = YES;
				CLANG_ENABLE_OBJC_WEAK = YES;
				CLANG_WARN_BLOCK_CAPTURE_AUTORELEASING = YES;
				CLANG_WARN_BOOL_CONVERSION = YES;
				CLANG_WARN_COMMA = YES;
				CLANG_WARN_CONSTANT_CONVERSION = YES;
				CLANG_WARN_DEPRECATED_OBJC_IMPLEMENTATIONS = YES;
				CLANG_WARN_DIRECT_OBJC_ISA_USAGE = YES_ERROR;
				CLANG_WARN_DOCUMENTATION_COMMENTS = YES;
				CLANG_WARN_EMPTY_BODY = YES;
				CLANG_WARN_ENUM_CONVERSION = YES;
				CLANG_WARN_INFINITE_RECURSION = YES;
				CLANG_WARN_INT_CONVERSION = YES;
				CLANG_WARN_NON_LITERAL_NULL_CONVERSION = YES;
				CLANG_WARN_OBJC_IMPLICIT_RETAIN_SELF = YES;
				CLANG_WARN_OBJC_LITERAL_CONVERSION = YES;
				CLANG_WARN_OBJC_ROOT_CLASS = YES_ERROR;
				CLANG_WARN_RANGE_LOOP_ANALYSIS = YES;
				CLANG_WARN_STRICT_PROTOTYPES = YES;
				CLANG_WARN_SUSPICIOUS_MOVE = YES;
				CLANG_WARN_UNGUARDED_AVAILABILITY = YES_AGGRESSIVE;
				CLANG_WARN_UNREACHABLE_CODE = YES;
				CLANG_WARN__DUPLICATE_METHOD_MATCH = YES;
				COPY_PHASE_STRIP = NO;
				DEBUG_INFORMATION_FORMAT = "dwarf-with-dsym";
				ENABLE_NS_ASSERTIONS = NO;
				ENABLE_STRICT_OBJC_MSGSEND = YES;
				GCC_C_LANGUAGE_STANDARD = gnu11;
				GCC_NO_COMMON_BLOCKS = YES;
				GCC_WARN_64_TO_32_BIT_CONVERSION = YES;
				GCC_WARN_ABOUT_RETURN_TYPE = YES_ERROR;
				GCC_WARN_UNDECLARED_SELECTOR = YES;
				GCC_WARN_UNINITIALIZED_AUTOS = YES_AGGRESSIVE;
				GCC_WARN_UNUSED_FUNCTION = YES;
				GCC_WARN_UNUSED_VARIABLE = YES;
				IPHONEOS_DEPLOYMENT_TARGET = 13.2;
				MTL_ENABLE_DEBUG_INFO = NO;
				MTL_FAST_MATH = YES;
				SDKROOT = iphoneos;
				SWIFT_COMPILATION_MODE = wholemodule;
				SWIFT_OPTIMIZATION_LEVEL = "-O";
				VALIDATE_PRODUCT = YES;
			};
			name = Release;
		};
		66684C672407C81A0026DBA5 /* Debug */ = {
			isa = XCBuildConfiguration;
			buildSettings = {
				ASSETCATALOG_COMPILER_APPICON_NAME = AppIcon;
				CODE_SIGN_STYLE = Automatic;
				DEVELOPMENT_ASSET_PATHS = "\"StorageExample/Preview Content\"";
				DEVELOPMENT_TEAM = 37TYWLGRXS;
				ENABLE_PREVIEWS = YES;
				INFOPLIST_FILE = StorageExample/Info.plist;
				LD_RUNPATH_SEARCH_PATHS = (
					"$(inherited)",
					"@executable_path/Frameworks",
				);
				PRODUCT_BUNDLE_IDENTIFIER = zalora.StorageExample;
				PRODUCT_NAME = "$(TARGET_NAME)";
				SWIFT_VERSION = 5.0;
				TARGETED_DEVICE_FAMILY = "1,2";
			};
			name = Debug;
		};
		66684C682407C81A0026DBA5 /* Release */ = {
			isa = XCBuildConfiguration;
			buildSettings = {
				ASSETCATALOG_COMPILER_APPICON_NAME = AppIcon;
				CODE_SIGN_STYLE = Automatic;
				DEVELOPMENT_ASSET_PATHS = "\"StorageExample/Preview Content\"";
				DEVELOPMENT_TEAM = 37TYWLGRXS;
				ENABLE_PREVIEWS = YES;
				INFOPLIST_FILE = StorageExample/Info.plist;
				LD_RUNPATH_SEARCH_PATHS = (
					"$(inherited)",
					"@executable_path/Frameworks",
				);
				PRODUCT_BUNDLE_IDENTIFIER = zalora.StorageExample;
				PRODUCT_NAME = "$(TARGET_NAME)";
				SWIFT_VERSION = 5.0;
				TARGETED_DEVICE_FAMILY = "1,2";
			};
			name = Release;
		};
		66684C6A2407C81A0026DBA5 /* Debug */ = {
			isa = XCBuildConfiguration;
			buildSettings = {
				ALWAYS_EMBED_SWIFT_STANDARD_LIBRARIES = YES;
				BUNDLE_LOADER = "$(TEST_HOST)";
				CODE_SIGN_STYLE = Automatic;
				DEVELOPMENT_TEAM = 37TYWLGRXS;
				INFOPLIST_FILE = StorageExampleTests/Info.plist;
				IPHONEOS_DEPLOYMENT_TARGET = 13.2;
				LD_RUNPATH_SEARCH_PATHS = (
					"$(inherited)",
					"@executable_path/Frameworks",
					"@loader_path/Frameworks",
				);
				PRODUCT_BUNDLE_IDENTIFIER = zalora.StorageExampleTests;
				PRODUCT_NAME = "$(TARGET_NAME)";
				SWIFT_VERSION = 5.0;
				TARGETED_DEVICE_FAMILY = "1,2";
				TEST_HOST = "$(BUILT_PRODUCTS_DIR)/StorageExample.app/StorageExample";
			};
			name = Debug;
		};
		66684C6B2407C81A0026DBA5 /* Release */ = {
			isa = XCBuildConfiguration;
			buildSettings = {
				ALWAYS_EMBED_SWIFT_STANDARD_LIBRARIES = YES;
				BUNDLE_LOADER = "$(TEST_HOST)";
				CODE_SIGN_STYLE = Automatic;
				DEVELOPMENT_TEAM = 37TYWLGRXS;
				INFOPLIST_FILE = StorageExampleTests/Info.plist;
				IPHONEOS_DEPLOYMENT_TARGET = 13.2;
				LD_RUNPATH_SEARCH_PATHS = (
					"$(inherited)",
					"@executable_path/Frameworks",
					"@loader_path/Frameworks",
				);
				PRODUCT_BUNDLE_IDENTIFIER = zalora.StorageExampleTests;
				PRODUCT_NAME = "$(TARGET_NAME)";
				SWIFT_VERSION = 5.0;
				TARGETED_DEVICE_FAMILY = "1,2";
				TEST_HOST = "$(BUILT_PRODUCTS_DIR)/StorageExample.app/StorageExample";
			};
			name = Release;
		};
/* End XCBuildConfiguration section */

/* Begin XCConfigurationList section */
		66684C422407C8180026DBA5 /* Build configuration list for PBXProject "StorageExample" */ = {
			isa = XCConfigurationList;
			buildConfigurations = (
				66684C642407C81A0026DBA5 /* Debug */,
				66684C652407C81A0026DBA5 /* Release */,
			);
			defaultConfigurationIsVisible = 0;
			defaultConfigurationName = Release;
		};
		66684C662407C81A0026DBA5 /* Build configuration list for PBXNativeTarget "StorageExample" */ = {
			isa = XCConfigurationList;
			buildConfigurations = (
				66684C672407C81A0026DBA5 /* Debug */,
				66684C682407C81A0026DBA5 /* Release */,
			);
			defaultConfigurationIsVisible = 0;
			defaultConfigurationName = Release;
		};
		66684C692407C81A0026DBA5 /* Build configuration list for PBXNativeTarget "StorageExampleTests" */ = {
			isa = XCConfigurationList;
			buildConfigurations = (
				66684C6A2407C81A0026DBA5 /* Debug */,
				66684C6B2407C81A0026DBA5 /* Release */,
			);
			defaultConfigurationIsVisible = 0;
			defaultConfigurationName = Release;
		};
/* End XCConfigurationList section */
	};
	rootObject = 66684C3F2407C8180026DBA5 /* Project object */;
}
